
Microsoft Visual Studio Solution File, Format Version 11.00
# Visual Studio 2010
Project("{FAE04EC0-301F-11D3-BF4B-00C04F79EFBC}") = "BreakRules2.0", "Assembly-CSharp.csproj", "{69E1EAF5-DE3A-224A-CD11-E8F8130AD18D}"
EndProject
Global
	GlobalSection(SolutionConfigurationPlatforms) = preSolution
		Debug|Any CPU = Debug|Any CPU
		Release|Any CPU = Release|Any CPU
	EndGlobalSection
	GlobalSection(ProjectConfigurationPlatforms) = postSolution
		{69E1EAF5-DE3A-224A-CD11-E8F8130AD18D}.Debug|Any CPU.ActiveCfg = Debug|Any CPU
		{69E1EAF5-DE3A-224A-CD11-E8F8130AD18D}.Debug|Any CPU.Build.0 = Debug|Any CPU
		{69E1EAF5-DE3A-224A-CD11-E8F8130AD18D}.Release|Any CPU.ActiveCfg = Release|Any CPU
		{69E1EAF5-DE3A-224A-CD11-E8F8130AD18D}.Release|Any CPU.Build.0 = Release|Any CPU
	EndGlobalSection
	GlobalSection(SolutionProperties) = preSolution
		HideSolutionNode = FALSE
	EndGlobalSection
	GlobalSection(MonoDevelopProperties) = preSolution
		StartupItem = Assembly-CSharp.csproj
	EndGlobalSection
EndGlobal
